
Microsoft Visual Studio Solution File, Format Version 12.00
# Visual Studio Version 17
VisualStudioVersion = 17.5.002.0
MinimumVisualStudioVersion = 10.0.40219.1
Project("{9A19103F-16F7-4668-BE54-9A1E7A4F7556}") = "SistemaHospedagem", "SistemaHospedagem.csproj", "{515806F4-5484-41BD-8963-6783DA14A871}"
EndProject
Global
	GlobalSection(SolutionConfigurationPlatforms) = preSolution
		Debug|Any CPU = Debug|Any CPU
		Release|Any CPU = Release|Any CPU
	EndGlobalSection
	GlobalSection(ProjectConfigurationPlatforms) = postSolution
		{515806F4-5484-41BD-8963-6783DA14A871}.Debug|Any CPU.ActiveCfg = Debug|Any CPU
		{515806F4-5484-41BD-8963-6783DA14A871}.Debug|Any CPU.Build.0 = Debug|Any CPU
		{515806F4-5484-41BD-8963-6783DA14A871}.Release|Any CPU.ActiveCfg = Release|Any CPU
		{515806F4-5484-41BD-8963-6783DA14A871}.Release|Any CPU.Build.0 = Release|Any CPU
	EndGlobalSection
	GlobalSection(SolutionProperties) = preSolution
		HideSolutionNode = FALSE
	EndGlobalSection
	GlobalSection(ExtensibilityGlobals) = postSolution
		SolutionGuid = {6536758D-5CC9-48D8-8458-A38225E780A1}
	EndGlobalSection
EndGlobal
